// !$*UTF8*$!
{
	archiveVersion = 1;
	classes = {
	};
	objectVersion = 48;
	objects = {

/* Begin PBXBuildFile section */
		BF9236962029A8CF009DD7DF /* AppDelegate.swift in Sources */ = {isa = PBXBuildFile; fileRef = BF9236952029A8CF009DD7DF /* AppDelegate.swift */; };
		BF9236982029A8CF009DD7DF /* ViewController.swift in Sources */ = {isa = PBXBuildFile; fileRef = BF9236972029A8CF009DD7DF /* ViewController.swift */; };
		BF92369B2029A8CF009DD7DF /* Main.storyboard in Resources */ = {isa = PBXBuildFile; fileRef = BF9236992029A8CF009DD7DF /* Main.storyboard */; };
		BF92369D2029A8CF009DD7DF /* Assets.xcassets in Resources */ = {isa = PBXBuildFile; fileRef = BF92369C2029A8CF009DD7DF /* Assets.xcassets */; };
		BF9236A02029A8CF009DD7DF /* LaunchScreen.storyboard in Resources */ = {isa = PBXBuildFile; fileRef = BF92369E2029A8CF009DD7DF /* LaunchScreen.storyboard */; };
		BF9236AB2029A8D0009DD7DF /* LightTests.swift in Sources */ = {isa = PBXBuildFile; fileRef = BF9236AA2029A8D0009DD7DF /* LightTests.swift */; };
		BF9236B62029A8D0009DD7DF /* LightUITests.swift in Sources */ = {isa = PBXBuildFile; fileRef = BF9236B52029A8D0009DD7DF /* LightUITests.swift */; };
/* End PBXBuildFile section */

/* Begin PBXContainerItemProxy section */
		BF9236A72029A8D0009DD7DF /* PBXContainerItemProxy */ = {
			isa = PBXContainerItemProxy;
			containerPortal = BF92368A2029A8CF009DD7DF /* Project object */;
			proxyType = 1;
			remoteGlobalIDString = BF9236912029A8CF009DD7DF;
			remoteInfo = Light;
		};
		BF9236B22029A8D0009DD7DF /* PBXContainerItemProxy */ = {
			isa = PBXContainerItemProxy;
			containerPortal = BF92368A2029A8CF009DD7DF /* Project object */;
			proxyType = 1;
			remoteGlobalIDString = BF9236912029A8CF009DD7DF;
			remoteInfo = Light;
		};
/* End PBXContainerItemProxy section */

/* Begin PBXFileReference section */
		BF9236922029A8CF009DD7DF /* Light.app */ = {isa = PBXFileReference; explicitFileType = wrapper.application; includeInIndex = 0; path = Light.app; sourceTree = BUILT_PRODUCTS_DIR; };
		BF9236952029A8CF009DD7DF /* AppDelegate.swift */ = {isa = PBXFileReference; lastKnownFileType = sourcecode.swift; path = AppDelegate.swift; sourceTree = "<group>"; };
		BF9236972029A8CF009DD7DF /* ViewController.swift */ = {isa = PBXFileReference; lastKnownFileType = sourcecode.swift; path = ViewController.swift; sourceTree = "<group>"; };
		BF92369A2029A8CF009DD7DF /* Base */ = {isa = PBXFileReference; lastKnownFileType = file.storyboard; name = Base; path = Base.lproj/Main.storyboard; sourceTree = "<group>"; };
		BF92369C2029A8CF009DD7DF /* Assets.xcassets */ = {isa = PBXFileReference; lastKnownFileType = folder.assetcatalog; path = Assets.xcassets; sourceTree = "<group>"; };
		BF92369F2029A8CF009DD7DF /* Base */ = {isa = PBXFileReference; lastKnownFileType = file.storyboard; name = Base; path = Base.lproj/LaunchScreen.storyboard; sourceTree = "<group>"; };
		BF9236A12029A8CF009DD7DF /* Info.plist */ = {isa = PBXFileReference; lastKnownFileType = text.plist.xml; path = Info.plist; sourceTree = "<group>"; };
		BF9236A62029A8D0009DD7DF /* LightTests.xctest */ = {isa = PBXFileReference; explicitFileType = wrapper.cfbundle; includeInIndex = 0; path = LightTests.xctest; sourceTree = BUILT_PRODUCTS_DIR; };
		BF9236AA2029A8D0009DD7DF /* LightTests.swift */ = {isa = PBXFileReference; lastKnownFileType = sourcecode.swift; path = LightTests.swift; sourceTree = "<group>"; };
		BF9236AC2029A8D0009DD7DF /* Info.plist */ = {isa = PBXFileReference; lastKnownFileType = text.plist.xml; path = Info.plist; sourceTree = "<group>"; };
		BF9236B12029A8D0009DD7DF /* LightUITests.xctest */ = {isa = PBXFileReference; explicitFileType = wrapper.cfbundle; includeInIndex = 0; path = LightUITests.xctest; sourceTree = BUILT_PRODUCTS_DIR; };
		BF9236B52029A8D0009DD7DF /* LightUITests.swift */ = {isa = PBXFileReference; lastKnownFileType = sourcecode.swift; path = LightUITests.swift; sourceTree = "<group>"; };
		BF9236B72029A8D0009DD7DF /* Info.plist */ = {isa = PBXFileReference; lastKnownFileType = text.plist.xml; path = Info.plist; sourceTree = "<group>"; };
/* End PBXFileReference section */

/* Begin PBXFrameworksBuildPhase section */
		BF92368F2029A8CF009DD7DF /* Frameworks */ = {
			isa = PBXFrameworksBuildPhase;
			buildActionMask = 2147483647;
			files = (
			);
			runOnlyForDeploymentPostprocessing = 0;
		};
		BF9236A32029A8D0009DD7DF /* Frameworks */ = {
			isa = PBXFrameworksBuildPhase;
			buildActionMask = 2147483647;
			files = (
			);
			runOnlyForDeploymentPostprocessing = 0;
		};
		BF9236AE2029A8D0009DD7DF /* Frameworks */ = {
			isa = PBXFrameworksBuildPhase;
			buildActionMask = 2147483647;
			files = (
			);
			runOnlyForDeploymentPostprocessing = 0;
		};
/* End PBXFrameworksBuildPhase section */

/* Begin PBXGroup section */
		BF9236892029A8CF009DD7DF = {
			isa = PBXGroup;
			children = (
				BF9236942029A8CF009DD7DF /* Light */,
				BF9236A92029A8D0009DD7DF /* LightTests */,
				BF9236B42029A8D0009DD7DF /* LightUITests */,
				BF9236932029A8CF009DD7DF /* Products */,
			);
			sourceTree = "<group>";
		};
		BF9236932029A8CF009DD7DF /* Products */ = {
			isa = PBXGroup;
			children = (
				BF9236922029A8CF009DD7DF /* Light.app */,
				BF9236A62029A8D0009DD7DF /* LightTests.xctest */,
				BF9236B12029A8D0009DD7DF /* LightUITests.xctest */,
			);
			name = Products;
			sourceTree = "<group>";
		};
		BF9236942029A8CF009DD7DF /* Light */ = {
			isa = PBXGroup;
			children = (
				BF9236952029A8CF009DD7DF /* AppDelegate.swift */,
				BF9236972029A8CF009DD7DF /* ViewController.swift */,
				BF9236992029A8CF009DD7DF /* Main.storyboard */,
				BF92369C2029A8CF009DD7DF /* Assets.xcassets */,
				BF92369E2029A8CF009DD7DF /* LaunchScreen.storyboard */,
				BF9236A12029A8CF009DD7DF /* Info.plist */,
			);
			path = Light;
			sourceTree = "<group>";
		};
		BF9236A92029A8D0009DD7DF /* LightTests */ = {
			isa = PBXGroup;
			children = (
				BF9236AA2029A8D0009DD7DF /* LightTests.swift */,
				BF9236AC2029A8D0009DD7DF /* Info.plist */,
			);
			path = LightTests;
			sourceTree = "<group>";
		};
		BF9236B42029A8D0009DD7DF /* LightUITests */ = {
			isa = PBXGroup;
			children = (
				BF9236B52029A8D0009DD7DF /* LightUITests.swift */,
				BF9236B72029A8D0009DD7DF /* Info.plist */,
			);
			path = LightUITests;
			sourceTree = "<group>";
		};
/* End PBXGroup section */

/* Begin PBXNativeTarget section */
		BF9236912029A8CF009DD7DF /* Light */ = {
			isa = PBXNativeTarget;
			buildConfigurationList = BF9236BA2029A8D0009DD7DF /* Build configuration list for PBXNativeTarget "Light" */;
			buildPhases = (
				BF92368E2029A8CF009DD7DF /* Sources */,
				BF92368F2029A8CF009DD7DF /* Frameworks */,
				BF9236902029A8CF009DD7DF /* Resources */,
			);
			buildRules = (
			);
			dependencies = (
			);
			name = Light;
			productName = Light;
			productReference = BF9236922029A8CF009DD7DF /* Light.app */;
			productType = "com.apple.product-type.application";
		};
		BF9236A52029A8D0009DD7DF /* LightTests */ = {
			isa = PBXNativeTarget;
			buildConfigurationList = BF9236BD2029A8D0009DD7DF /* Build configuration list for PBXNativeTarget "LightTests" */;
			buildPhases = (
				BF9236A22029A8D0009DD7DF /* Sources */,
				BF9236A32029A8D0009DD7DF /* Frameworks */,
				BF9236A42029A8D0009DD7DF /* Resources */,
			);
			buildRules = (
			);
			dependencies = (
				BF9236A82029A8D0009DD7DF /* PBXTargetDependency */,
			);
			name = LightTests;
			productName = LightTests;
			productReference = BF9236A62029A8D0009DD7DF /* LightTests.xctest */;
			productType = "com.apple.product-type.bundle.unit-test";
		};
		BF9236B02029A8D0009DD7DF /* LightUITests */ = {
			isa = PBXNativeTarget;
			buildConfigurationList = BF9236C02029A8D0009DD7DF /* Build configuration list for PBXNativeTarget "LightUITests" */;
			buildPhases = (
				BF9236AD2029A8D0009DD7DF /* Sources */,
				BF9236AE2029A8D0009DD7DF /* Frameworks */,
				BF9236AF2029A8D0009DD7DF /* Resources */,
			);
			buildRules = (
			);
			dependencies = (
				BF9236B32029A8D0009DD7DF /* PBXTargetDependency */,
			);
			name = LightUITests;
			productName = LightUITests;
			productReference = BF9236B12029A8D0009DD7DF /* LightUITests.xctest */;
			productType = "com.apple.product-type.bundle.ui-testing";
		};
/* End PBXNativeTarget section */

/* Begin PBXProject section */
		BF92368A2029A8CF009DD7DF /* Project object */ = {
			isa = PBXProject;
			attributes = {
				LastSwiftUpdateCheck = 0920;
				LastUpgradeCheck = 0920;
				ORGANIZATIONNAME = "Native App Studio";
				TargetAttributes = {
					BF9236912029A8CF009DD7DF = {
						CreatedOnToolsVersion = 9.2;
						ProvisioningStyle = Automatic;
					};
					BF9236A52029A8D0009DD7DF = {
						CreatedOnToolsVersion = 9.2;
						ProvisioningStyle = Automatic;
						TestTargetID = BF9236912029A8CF009DD7DF;
					};
					BF9236B02029A8D0009DD7DF = {
						CreatedOnToolsVersion = 9.2;
						ProvisioningStyle = Automatic;
						TestTargetID = BF9236912029A8CF009DD7DF;
					};
				};
			};
			buildConfigurationList = BF92368D2029A8CF009DD7DF /* Build configuration list for PBXProject "Light" */;
			compatibilityVersion = "Xcode 8.0";
			developmentRegion = en;
			hasScannedForEncodings = 0;
			knownRegions = (
				en,
				Base,
			);
			mainGroup = BF9236892029A8CF009DD7DF;
			productRefGroup = BF9236932029A8CF009DD7DF /* Products */;
			projectDirPath = "";
			projectRoot = "";
			targets = (
				BF9236912029A8CF009DD7DF /* Light */,
				BF9236A52029A8D0009DD7DF /* LightTests */,
				BF9236B02029A8D0009DD7DF /* LightUITests */,
			);
		};
/* End PBXProject section */

/* Begin PBXResourcesBuildPhase section */
		BF9236902029A8CF009DD7DF /* Resources */ = {
			isa = PBXResourcesBuildPhase;
			buildActionMask = 2147483647;
			files = (
				BF9236A02029A8CF009DD7DF /* LaunchScreen.storyboard in Resources */,
				BF92369D2029A8CF009DD7DF /* Assets.xcassets in Resources */,
				BF92369B2029A8CF009DD7DF /* Main.storyboard in Resources */,
			);
			runOnlyForDeploymentPostprocessing = 0;
		};
		BF9236A42029A8D0009DD7DF /* Resources */ = {
			isa = PBXResourcesBuildPhase;
			buildActionMask = 2147483647;
			files = (
			);
			runOnlyForDeploymentPostprocessing = 0;
		};
		BF9236AF2029A8D0009DD7DF /* Resources */ = {
			isa = PBXResourcesBuildPhase;
			buildActionMask = 2147483647;
			files = (
			);
			runOnlyForDeploymentPostprocessing = 0;
		};
/* End PBXResourcesBuildPhase section */

/* Begin PBXSourcesBuildPhase section */
		BF92368E2029A8CF009DD7DF /* Sources */ = {
			isa = PBXSourcesBuildPhase;
			buildActionMask = 2147483647;
			files = (
				BF9236982029A8CF009DD7DF /* ViewController.swift in Sources */,
				BF9236962029A8CF009DD7DF /* AppDelegate.swift in Sources */,
			);
			runOnlyForDeploymentPostprocessing = 0;
		};
		BF9236A22029A8D0009DD7DF /* Sources */ = {
			isa = PBXSourcesBuildPhase;
			buildActionMask = 2147483647;
			files = (
				BF9236AB2029A8D0009DD7DF /* LightTests.swift in Sources */,
			);
			runOnlyForDeploymentPostprocessing = 0;
		};
		BF9236AD2029A8D0009DD7DF /* Sources */ = {
			isa = PBXSourcesBuildPhase;
			buildActionMask = 2147483647;
			files = (
				BF9236B62029A8D0009DD7DF /* LightUITests.swift in Sources */,
			);
			runOnlyForDeploymentPostprocessing = 0;
		};
/* End PBXSourcesBuildPhase section */

/* Begin PBXTargetDependency section */
		BF9236A82029A8D0009DD7DF /* PBXTargetDependency */ = {
			isa = PBXTargetDependency;
			target = BF9236912029A8CF009DD7DF /* Light */;
			targetProxy = BF9236A72029A8D0009DD7DF /* PBXContainerItemProxy */;
		};
		BF9236B32029A8D0009DD7DF /* PBXTargetDependency */ = {
			isa = PBXTargetDependency;
			target = BF9236912029A8CF009DD7DF /* Light */;
			targetProxy = BF9236B22029A8D0009DD7DF /* PBXContainerItemProxy */;
		};
/* End PBXTargetDependency section */

/* Begin PBXVariantGroup section */
		BF9236992029A8CF009DD7DF /* Main.storyboard */ = {
			isa = PBXVariantGroup;
			children = (
				BF92369A2029A8CF009DD7DF /* Base */,
			);
			name = Main.storyboard;
			sourceTree = "<group>";
		};
		BF92369E2029A8CF009DD7DF /* LaunchScreen.storyboard */ = {
			isa = PBXVariantGroup;
			children = (
				BF92369F2029A8CF009DD7DF /* Base */,
			);
			name = LaunchScreen.storyboard;
			sourceTree = "<group>";
		};
/* End PBXVariantGroup section */

/* Begin XCBuildConfiguration section */
		BF9236B82029A8D0009DD7DF /* Debug */ = {
			isa = XCBuildConfiguration;
			buildSettings = {
				ALWAYS_SEARCH_USER_PATHS = NO;
				CLANG_ANALYZER_NONNULL = YES;
				CLANG_ANALYZER_NUMBER_OBJECT_CONVERSION = YES_AGGRESSIVE;
				CLANG_CXX_LANGUAGE_STANDARD = "gnu++14";
				CLANG_CXX_LIBRARY = "libc++";
				CLANG_ENABLE_MODULES = YES;
				CLANG_ENABLE_OBJC_ARC = YES;
				CLANG_WARN_BLOCK_CAPTURE_AUTORELEASING = YES;
				CLANG_WARN_BOOL_CONVERSION = YES;
				CLANG_WARN_COMMA = YES;
				CLANG_WARN_CONSTANT_CONVERSION = YES;
				CLANG_WARN_DIRECT_OBJC_ISA_USAGE = YES_ERROR;
				CLANG_WARN_DOCUMENTATION_COMMENTS = YES;
				CLANG_WARN_EMPTY_BODY = YES;
				CLANG_WARN_ENUM_CONVERSION = YES;
				CLANG_WARN_INFINITE_RECURSION = YES;
				CLANG_WARN_INT_CONVERSION = YES;
				CLANG_WARN_NON_LITERAL_NULL_CONVERSION = YES;
				CLANG_WARN_OBJC_LITERAL_CONVERSION = YES;
				CLANG_WARN_OBJC_ROOT_CLASS = YES_ERROR;
				CLANG_WARN_RANGE_LOOP_ANALYSIS = YES;
				CLANG_WARN_STRICT_PROTOTYPES = YES;
				CLANG_WARN_SUSPICIOUS_MOVE = YES;
				CLANG_WARN_UNGUARDED_AVAILABILITY = YES_AGGRESSIVE;
				CLANG_WARN_UNREACHABLE_CODE = YES;
				CLANG_WARN__DUPLICATE_METHOD_MATCH = YES;
				CODE_SIGN_IDENTITY = "iPhone Developer";
				COPY_PHASE_STRIP = NO;
				DEBUG_INFORMATION_FORMAT = dwarf;
				ENABLE_STRICT_OBJC_MSGSEND = YES;
				ENABLE_TESTABILITY = YES;
				GCC_C_LANGUAGE_STANDARD = gnu11;
				GCC_DYNAMIC_NO_PIC = NO;
				GCC_NO_COMMON_BLOCKS = YES;
				GCC_OPTIMIZATION_LEVEL = 0;
				GCC_PREPROCESSOR_DEFINITIONS = (
					"DEBUG=1",
					"$(inherited)",
				);
				GCC_WARN_64_TO_32_BIT_CONVERSION = YES;
				GCC_WARN_ABOUT_RETURN_TYPE = YES_ERROR;
				GCC_WARN_UNDECLARED_SELECTOR = YES;
				GCC_WARN_UNINITIALIZED_AUTOS = YES_AGGRESSIVE;
				GCC_WARN_UNUSED_FUNCTION = YES;
				GCC_WARN_UNUSED_VARIABLE = YES;
				IPHONEOS_DEPLOYMENT_TARGET = 11.2;
				MTL_ENABLE_DEBUG_INFO = YES;
				ONLY_ACTIVE_ARCH = YES;
				SDKROOT = iphoneos;
				SWIFT_ACTIVE_COMPILATION_CONDITIONS = DEBUG;
				SWIFT_OPTIMIZATION_LEVEL = "-Onone";
			};
			name = Debug;
		};
		BF9236B92029A8D0009DD7DF /* Release */ = {
			isa = XCBuildConfiguration;
			buildSettings = {
				ALWAYS_SEARCH_USER_PATHS = NO;
				CLANG_ANALYZER_NONNULL = YES;
				CLANG_ANALYZER_NUMBER_OBJECT_CONVERSION = YES_AGGRESSIVE;
				CLANG_CXX_LANGUAGE_STANDARD = "gnu++14";
				CLANG_CXX_LIBRARY = "libc++";
				CLANG_ENABLE_MODULES = YES;
				CLANG_ENABLE_OBJC_ARC = YES;
				CLANG_WARN_BLOCK_CAPTURE_AUTORELEASING = YES;
				CLANG_WARN_BOOL_CONVERSION = YES;
				CLANG_WARN_COMMA = YES;
				CLANG_WARN_CONSTANT_CONVERSION = YES;
				CLANG_WARN_DIRECT_OBJC_ISA_USAGE = YES_ERROR;
				CLANG_WARN_DOCUMENTATION_COMMENTS = YES;
				CLANG_WARN_EMPTY_BODY = YES;
				CLANG_WARN_ENUM_CONVERSION = YES;
				CLANG_WARN_INFINITE_RECURSION = YES;
				CLANG_WARN_INT_CONVERSION = YES;
				CLANG_WARN_NON_LITERAL_NULL_CONVERSION = YES;
				CLANG_WARN_OBJC_LITERAL_CONVERSION = YES;
				CLANG_WARN_OBJC_ROOT_CLASS = YES_ERROR;
				CLANG_WARN_RANGE_LOOP_ANALYSIS = YES;
				CLANG_WARN_STRICT_PROTOTYPES = YES;
				CLANG_WARN_SUSPICIOUS_MOVE = YES;
				CLANG_WARN_UNGUARDED_AVAILABILITY = YES_AGGRESSIVE;
				CLANG_WARN_UNREACHABLE_CODE = YES;
				CLANG_WARN__DUPLICATE_METHOD_MATCH = YES;
				CODE_SIGN_IDENTITY = "iPhone Developer";
				COPY_PHASE_STRIP = NO;
				DEBUG_INFORMATION_FORMAT = "dwarf-with-dsym";
				ENABLE_NS_ASSERTIONS = NO;
				ENABLE_STRICT_OBJC_MSGSEND = YES;
				GCC_C_LANGUAGE_STANDARD = gnu11;
				GCC_NO_COMMON_BLOCKS = YES;
				GCC_WARN_64_TO_32_BIT_CONVERSION = YES;
				GCC_WARN_ABOUT_RETURN_TYPE = YES_ERROR;
				GCC_WARN_UNDECLARED_SELECTOR = YES;
				GCC_WARN_UNINITIALIZED_AUTOS = YES_AGGRESSIVE;
				GCC_WARN_UNUSED_FUNCTION = YES;
				GCC_WARN_UNUSED_VARIABLE = YES;
				IPHONEOS_DEPLOYMENT_TARGET = 11.2;
				MTL_ENABLE_DEBUG_INFO = NO;
				SDKROOT = iphoneos;
				SWIFT_OPTIMIZATION_LEVEL = "-Owholemodule";
				VALIDATE_PRODUCT = YES;
			};
			name = Release;
		};
		BF9236BB2029A8D0009DD7DF /* Debug */ = {
			isa = XCBuildConfiguration;
			buildSettings = {
				ASSETCATALOG_COMPILER_APPICON_NAME = AppIcon;
				CODE_SIGN_STYLE = Automatic;
				INFOPLIST_FILE = Light/Info.plist;
				LD_RUNPATH_SEARCH_PATHS = "$(inherited) @executable_path/Frameworks";
				PRODUCT_BUNDLE_IDENTIFIER = nl.mprog.Light;
				PRODUCT_NAME = "$(TARGET_NAME)";
				SWIFT_VERSION = 4.0;
				TARGETED_DEVICE_FAMILY = "1,2";
			};
			name = Debug;
		};
		BF9236BC2029A8D0009DD7DF /* Release */ = {
			isa = XCBuildConfiguration;
			buildSettings = {
				ASSETCATALOG_COMPILER_APPICON_NAME = AppIcon;
				CODE_SIGN_STYLE = Automatic;
				INFOPLIST_FILE = Light/Info.plist;
				LD_RUNPATH_SEARCH_PATHS = "$(inherited) @executable_path/Frameworks";
				PRODUCT_BUNDLE_IDENTIFIER = nl.mprog.Light;
				PRODUCT_NAME = "$(TARGET_NAME)";
				SWIFT_VERSION = 4.0;
				TARGETED_DEVICE_FAMILY = "1,2";
			};
			name = Release;
		};
		BF9236BE2029A8D0009DD7DF /* Debug */ = {
			isa = XCBuildConfiguration;
			buildSettings = {
				ALWAYS_EMBED_SWIFT_STANDARD_LIBRARIES = YES;
				BUNDLE_LOADER = "$(TEST_HOST)";
				CODE_SIGN_STYLE = Automatic;
				INFOPLIST_FILE = LightTests/Info.plist;
				LD_RUNPATH_SEARCH_PATHS = "$(inherited) @executable_path/Frameworks @loader_path/Frameworks";
				PRODUCT_BUNDLE_IDENTIFIER = nl.mprog.LightTests;
				PRODUCT_NAME = "$(TARGET_NAME)";
				SWIFT_VERSION = 4.0;
				TARGETED_DEVICE_FAMILY = "1,2";
				TEST_HOST = "$(BUILT_PRODUCTS_DIR)/Light.app/Light";
			};
			name = Debug;
		};
		BF9236BF2029A8D0009DD7DF /* Release */ = {
			isa = XCBuildConfiguration;
			buildSettings = {
				ALWAYS_EMBED_SWIFT_STANDARD_LIBRARIES = YES;
				BUNDLE_LOADER = "$(TEST_HOST)";
				CODE_SIGN_STYLE = Automatic;
				INFOPLIST_FILE = LightTests/Info.plist;
				LD_RUNPATH_SEARCH_PATHS = "$(inherited) @executable_path/Frameworks @loader_path/Frameworks";
				PRODUCT_BUNDLE_IDENTIFIER = nl.mprog.LightTests;
				PRODUCT_NAME = "$(TARGET_NAME)";
				SWIFT_VERSION = 4.0;
				TARGETED_DEVICE_FAMILY = "1,2";
				TEST_HOST = "$(BUILT_PRODUCTS_DIR)/Light.app/Light";
			};
			name = Release;
		};
		BF9236C12029A8D0009DD7DF /* Debug */ = {
			isa = XCBuildConfiguration;
			buildSettings = {
				ALWAYS_EMBED_SWIFT_STANDARD_LIBRARIES = YES;
				CODE_SIGN_STYLE = Automatic;
				INFOPLIST_FILE = LightUITests/Info.plist;
				LD_RUNPATH_SEARCH_PATHS = "$(inherited) @executable_path/Frameworks @loader_path/Frameworks";
				PRODUCT_BUNDLE_IDENTIFIER = nl.mprog.LightUITests;
				PRODUCT_NAME = "$(TARGET_NAME)";
				SWIFT_VERSION = 4.0;
				TARGETED_DEVICE_FAMILY = "1,2";
				TEST_TARGET_NAME = Light;
			};
			name = Debug;
		};
		BF9236C22029A8D0009DD7DF /* Release */ = {
			isa = XCBuildConfiguration;
			buildSettings = {
				ALWAYS_EMBED_SWIFT_STANDARD_LIBRARIES = YES;
				CODE_SIGN_STYLE = Automatic;
				INFOPLIST_FILE = LightUITests/Info.plist;
				LD_RUNPATH_SEARCH_PATHS = "$(inherited) @executable_path/Frameworks @loader_path/Frameworks";
				PRODUCT_BUNDLE_IDENTIFIER = nl.mprog.LightUITests;
				PRODUCT_NAME = "$(TARGET_NAME)";
				SWIFT_VERSION = 4.0;
				TARGETED_DEVICE_FAMILY = "1,2";
				TEST_TARGET_NAME = Light;
			};
			name = Release;
		};
/* End XCBuildConfiguration section */

/* Begin XCConfigurationList section */
		BF92368D2029A8CF009DD7DF /* Build configuration list for PBXProject "Light" */ = {
			isa = XCConfigurationList;
			buildConfigurations = (
				BF9236B82029A8D0009DD7DF /* Debug */,
				BF9236B92029A8D0009DD7DF /* Release */,
			);
			defaultConfigurationIsVisible = 0;
			defaultConfigurationName = Release;
		};
		BF9236BA2029A8D0009DD7DF /* Build configuration list for PBXNativeTarget "Light" */ = {
			isa = XCConfigurationList;
			buildConfigurations = (
				BF9236BB2029A8D0009DD7DF /* Debug */,
				BF9236BC2029A8D0009DD7DF /* Release */,
			);
			defaultConfigurationIsVisible = 0;
			defaultConfigurationName = Release;
		};
		BF9236BD2029A8D0009DD7DF /* Build configuration list for PBXNativeTarget "LightTests" */ = {
			isa = XCConfigurationList;
			buildConfigurations = (
				BF9236BE2029A8D0009DD7DF /* Debug */,
				BF9236BF2029A8D0009DD7DF /* Release */,
			);
			defaultConfigurationIsVisible = 0;
			defaultConfigurationName = Release;
		};
		BF9236C02029A8D0009DD7DF /* Build configuration list for PBXNativeTarget "LightUITests" */ = {
			isa = XCConfigurationList;
			buildConfigurations = (
				BF9236C12029A8D0009DD7DF /* Debug */,
				BF9236C22029A8D0009DD7DF /* Release */,
			);
			defaultConfigurationIsVisible = 0;
			defaultConfigurationName = Release;
		};
/* End XCConfigurationList section */
	};
	rootObject = BF92368A2029A8CF009DD7DF /* Project object */;
}
